{
    "_meta": {
        "hash": {
            "sha256": "1a92d30e90097328c5b4ac2740ee41ff93196e134bc8c034d93e8d6f6621184d"
        },
        "pipfile-spec": 6,
        "requires": {
            "python_version": "3.8"
        },
        "sources": [
            {
                "name": "pypi",
                "url": "https://pypi.org/simple",
                "verify_ssl": true
            }
        ]
    },
    "default": {
        "libclang": {
            "hashes": [
                "sha256:206d2789e4450a37d054e63b70451a6fc1873466397443fa13de2b3d4adb2796",
                "sha256:2e4303e04517fcd11173cb2e51a7070eed71e16ef45d4e26a82c5e881cac3d27",
                "sha256:5dd3c6fca1b007d308a4114afa8e4e9d32f32b2572520701d45fcc626ac5cd6c",
                "sha256:7b06fc76bd1e67c8b04b5719bf2ac5d6a323b289b245dfa9e468561d99538188",
                "sha256:8791cf3c3b087c373a6d61e9199da7a541da922c9ddcfed1122090586b996d6e",
                "sha256:9052a8284d8846984f6fa826b1d7460a66d3b23a486d782633b42b6e3b418789",
                "sha256:cfb0e892ebb5dff6bd498ab5778adb8581f26a00fd8347b3c76c989fe2fd04f7",
                "sha256:e2add1703129b2abe066fb1890afa880870a89fd6ab4ec5d2a7a8dc8d271677e",
                "sha256:e429853939423f276a25140b0b702442d7da9a09e001c05e48df888336947614",
                "sha256:ea03c12675151837660cdd5dce65bd89320896ac3421efef43a36678f113ce95"
            ],
            "index": "pypi",
            "version": "==14.0.6"
        },
        "numpy": {
            "hashes": [
                "sha256:1408c3527a74a0209c781ac82bde2182b0f0bf54dea6e6a363fe0cc4488a7ce7",
                "sha256:173f28921b15d341afadf6c3898a34f20a0569e4ad5435297ba262ee8941e77b",
                "sha256:1865fdf51446839ca3fffaab172461f2b781163f6f395f1aed256b1ddc253622",
                "sha256:3119daed207e9410eaf57dcf9591fdc68045f60483d94956bee0bfdcba790953",
                "sha256:35590b9c33c0f1c9732b3231bb6a72d1e4f77872390c47d50a615686ae7ed3fd",
                "sha256:37e5ebebb0eb54c5b4a9b04e6f3018e16b8ef257d26c8945925ba8105008e645",
                "sha256:37ece2bd095e9781a7156852e43d18044fd0d742934833335599c583618181b9",
                "sha256:3ab67966c8d45d55a2bdf40701536af6443763907086c0a6d1232688e27e5447",
                "sha256:47f10ab202fe4d8495ff484b5561c65dd59177949ca07975663f4494f7269e3e",
                "sha256:55df0f7483b822855af67e38fb3a526e787adf189383b4934305565d71c4b148",
                "sha256:5d732d17b8a9061540a10fda5bfeabca5785700ab5469a5e9b93aca5e2d3a5fb",
                "sha256:68b69f52e6545af010b76516f5daaef6173e73353e3295c5cb9f96c35d755641",
                "sha256:7e8229f3687cdadba2c4faef39204feb51ef7c1a9b669247d49a24f3e2e1617c",
                "sha256:8002574a6b46ac3b5739a003b5233376aeac5163e5dcd43dd7ad062f3e186129",
                "sha256:876f60de09734fbcb4e27a97c9a286b51284df1326b1ac5f1bf0ad3678236b22",
                "sha256:9ce242162015b7e88092dccd0e854548c0926b75c7924a3495e02c6067aba1f5",
                "sha256:a35c4e64dfca659fe4d0f1421fc0f05b8ed1ca8c46fb73d9e5a7f175f85696bb",
                "sha256:aeba539285dcf0a1ba755945865ec61240ede5432df41d6e29fab305f4384db2",
                "sha256:b15c3f1ed08df4980e02cc79ee058b788a3d0bef2fb3c9ca90bb8cbd5b8a3a04",
                "sha256:c2f91f88230042a130ceb1b496932aa717dcbd665350beb821534c5c7e15881c",
                "sha256:d748ef349bfef2e1194b59da37ed5a29c19ea8d7e6342019921ba2ba4fd8b624",
                "sha256:e0d7447679ae9a7124385ccf0ea990bb85bb869cef217e2ea6c844b6a6855073"
            ],
            "index": "pypi",
            "version": "==1.23.1"
        },
        "scan-build": {
            "hashes": [
                "sha256:f1f9f1dc3daf906ef106077dbac4d872f5740843173dc74070ef3b39da3d0f07",
                "sha256:f61cd6e05269819c8c5fb6d61eabb5cbc3c271ca99b89c096e45f82c454f63ef"
            ],
            "index": "pypi",
            "version": "==2.0.20"
        }
    },
    "develop": {}
}
